
Microsoft Visual Studio Solution File, Format Version 12.00
Project("{FAE04EC0-301F-11D3-BF4B-00C04F79EFBC}") = "Shoesify.Entities", "Shoesify.Entities\Shoesify.Entities.csproj", "{5F221650-2834-4752-A977-1229AD14761C}"
EndProject
Project("{FAE04EC0-301F-11D3-BF4B-00C04F79EFBC}") = "Shoesify.Services", "Shoesify.Services\Shoesify.Services.csproj", "{E69827BA-9D3C-41C8-BD83-70B614A518C5}"
EndProject
Project("{FAE04EC0-301F-11D3-BF4B-00C04F79EFBC}") = "Shoesify.Apis", "Shoesify.Apis\Shoesify.Apis.csproj", "{4EC68D40-5821-49CA-8E1D-60CDD70EBAD9}"
EndProject
Global
	GlobalSection(SolutionConfigurationPlatforms) = preSolution
		Debug|Any CPU = Debug|Any CPU
		Release|Any CPU = Release|Any CPU
	EndGlobalSection
	GlobalSection(ProjectConfigurationPlatforms) = postSolution
		{5F221650-2834-4752-A977-1229AD14761C}.Debug|Any CPU.ActiveCfg = Debug|Any CPU
		{5F221650-2834-4752-A977-1229AD14761C}.Debug|Any CPU.Build.0 = Debug|Any CPU
		{5F221650-2834-4752-A977-1229AD14761C}.Release|Any CPU.ActiveCfg = Release|Any CPU
		{5F221650-2834-4752-A977-1229AD14761C}.Release|Any CPU.Build.0 = Release|Any CPU
		{E69827BA-9D3C-41C8-BD83-70B614A518C5}.Debug|Any CPU.ActiveCfg = Debug|Any CPU
		{E69827BA-9D3C-41C8-BD83-70B614A518C5}.Debug|Any CPU.Build.0 = Debug|Any CPU
		{E69827BA-9D3C-41C8-BD83-70B614A518C5}.Release|Any CPU.ActiveCfg = Release|Any CPU
		{E69827BA-9D3C-41C8-BD83-70B614A518C5}.Release|Any CPU.Build.0 = Release|Any CPU
		{4EC68D40-5821-49CA-8E1D-60CDD70EBAD9}.Debug|Any CPU.ActiveCfg = Debug|Any CPU
		{4EC68D40-5821-49CA-8E1D-60CDD70EBAD9}.Debug|Any CPU.Build.0 = Debug|Any CPU
		{4EC68D40-5821-49CA-8E1D-60CDD70EBAD9}.Release|Any CPU.ActiveCfg = Release|Any CPU
		{4EC68D40-5821-49CA-8E1D-60CDD70EBAD9}.Release|Any CPU.Build.0 = Release|Any CPU
	EndGlobalSection
EndGlobal
